
Microsoft Visual Studio Solution File, Format Version 12.00
# Visual Studio Version 17
VisualStudioVersion = 17.14.36401.2 d17.14
MinimumVisualStudioVersion = 10.0.40219.1
Project("{FAE04EC0-301F-11D3-BF4B-00C04F79EFBC}") = "LINQ", "LINQ\LINQ.csproj", "{73CF1B54-08ED-4391-8D92-4897755AA73E}"
EndProject
Global
	GlobalSection(SolutionConfigurationPlatforms) = preSolution
		Debug|Any CPU = Debug|Any CPU
		Release|Any CPU = Release|Any CPU
	EndGlobalSection
	GlobalSection(ProjectConfigurationPlatforms) = postSolution
		{73CF1B54-08ED-4391-8D92-4897755AA73E}.Debug|Any CPU.ActiveCfg = Debug|Any CPU
		{73CF1B54-08ED-4391-8D92-4897755AA73E}.Debug|Any CPU.Build.0 = Debug|Any CPU
		{73CF1B54-08ED-4391-8D92-4897755AA73E}.Release|Any CPU.ActiveCfg = Release|Any CPU
		{73CF1B54-08ED-4391-8D92-4897755AA73E}.Release|Any CPU.Build.0 = Release|Any CPU
	EndGlobalSection
	GlobalSection(SolutionProperties) = preSolution
		HideSolutionNode = FALSE
	EndGlobalSection
	GlobalSection(ExtensibilityGlobals) = postSolution
		SolutionGuid = {E8EE48B8-A384-4335-AD23-CA16A281603C}
	EndGlobalSection
EndGlobal
