
Microsoft Visual Studio Solution File, Format Version 12.00
# Visual Studio Version 17
VisualStudioVersion = 17.14.36401.2 d17.14
MinimumVisualStudioVersion = 10.0.40219.1
Project("{FAE04EC0-301F-11D3-BF4B-00C04F79EFBC}") = "Polymorphism", "Polymorphism\Polymorphism.csproj", "{DF6216D5-B504-4FF0-AF0D-E2CC55B3A680}"
EndProject
Global
	GlobalSection(SolutionConfigurationPlatforms) = preSolution
		Debug|Any CPU = Debug|Any CPU
		Release|Any CPU = Release|Any CPU
	EndGlobalSection
	GlobalSection(ProjectConfigurationPlatforms) = postSolution
		{DF6216D5-B504-4FF0-AF0D-E2CC55B3A680}.Debug|Any CPU.ActiveCfg = Debug|Any CPU
		{DF6216D5-B504-4FF0-AF0D-E2CC55B3A680}.Debug|Any CPU.Build.0 = Debug|Any CPU
		{DF6216D5-B504-4FF0-AF0D-E2CC55B3A680}.Release|Any CPU.ActiveCfg = Release|Any CPU
		{DF6216D5-B504-4FF0-AF0D-E2CC55B3A680}.Release|Any CPU.Build.0 = Release|Any CPU
	EndGlobalSection
	GlobalSection(SolutionProperties) = preSolution
		HideSolutionNode = FALSE
	EndGlobalSection
	GlobalSection(ExtensibilityGlobals) = postSolution
		SolutionGuid = {F40D8F37-46B2-4775-A225-99EA9EAF1416}
	EndGlobalSection
EndGlobal
